
Microsoft Visual Studio Solution File, Format Version 12.00
# Visual Studio Version 16
VisualStudioVersion = 25.0.1703.7
MinimumVisualStudioVersion = 10.0.40219.1
Project("{FAE04EC0-301F-11D3-BF4B-00C04F79EFBC}") = "IBASEmployeeService", "IBASEmployeeService.csproj", "{C3ED8151-76AC-4989-8264-0E9980CE9858}"
EndProject
Global
	GlobalSection(SolutionConfigurationPlatforms) = preSolution
		Debug|Any CPU = Debug|Any CPU
		Release|Any CPU = Release|Any CPU
	EndGlobalSection
	GlobalSection(ProjectConfigurationPlatforms) = postSolution
		{C3ED8151-76AC-4989-8264-0E9980CE9858}.Debug|Any CPU.ActiveCfg = Debug|Any CPU
		{C3ED8151-76AC-4989-8264-0E9980CE9858}.Debug|Any CPU.Build.0 = Debug|Any CPU
		{C3ED8151-76AC-4989-8264-0E9980CE9858}.Release|Any CPU.ActiveCfg = Release|Any CPU
		{C3ED8151-76AC-4989-8264-0E9980CE9858}.Release|Any CPU.Build.0 = Release|Any CPU
	EndGlobalSection
	GlobalSection(SolutionProperties) = preSolution
		HideSolutionNode = FALSE
	EndGlobalSection
	GlobalSection(ExtensibilityGlobals) = postSolution
		SolutionGuid = {FFF896A3-CECD-4886-A373-2B8F62C1121A}
	EndGlobalSection
EndGlobal
